<?xml version="1.0" encoding="utf-8"?>
<Project ToolsVersion="4.0" xmlns="http://schemas.microsoft.com/developer/msbuild/2003">
  <ItemGroup>
    <Filter Include="헤더 파일">
      <UniqueIdentifier>{93995380-89BD-4b04-88EB-625FBE52EBFB}</UniqueIdentifier>
      <Extensions>h;hh;hpp;hxx;hm;inl;inc;xsd</Extensions>
    </Filter>
    <Filter Include="리소스 파일">
      <UniqueIdentifier>{67DA6AB6-F800-4c08-8B7A-83BB121AAD01}</UniqueIdentifier>
      <Extensions>rc;ico;cur;bmp;dlg;rc2;rct;bin;rgs;gif;jpg;jpeg;jpe;resx;tiff;tif;png;wav;mfcribbon-ms</Extensions>
    </Filter>
    <Filter Include="함체장비관리">
      <UniqueIdentifier>{ca70c3f1-7163-4431-a9f9-a6478586d9e4}</UniqueIdentifier>
    </Filter>
    <Filter Include="소스 파일">
      <UniqueIdentifier>{4FC737F1-C7A5-4376-A066-2A32D752A2FF}</UniqueIdentifier>
      <Extensions>cpp;c;cc;cxx;def;odl;idl;hpj;bat;asm;asmx</Extensions>
    </Filter>
  </ItemGroup>
  <ItemGroup>
    <Text Include="ReadMe.txt" />
  </ItemGroup>
  <ItemGroup>
    <ClInclude Include="TeamProject.h">
      <Filter>헤더 파일</Filter>
    </ClInclude>
    <ClInclude Include="stdafx.h">
      <Filter>헤더 파일</Filter>
    </ClInclude>
    <ClInclude Include="targetver.h">
      <Filter>헤더 파일</Filter>
    </ClInclude>
    <ClInclude Include="MainFrm.h">
      <Filter>헤더 파일</Filter>
    </ClInclude>
    <ClInclude Include="ChildFrm.h">
      <Filter>헤더 파일</Filter>
    </ClInclude>
    <ClInclude Include="TeamProjectDoc.h">
      <Filter>헤더 파일</Filter>
    </ClInclude>
    <ClInclude Include="TeamProjectView.h">
      <Filter>헤더 파일</Filter>
    </ClInclude>
    <ClInclude Include="TeamProjectSet.h">
      <Filter>헤더 파일</Filter>
    </ClInclude>
    <ClInclude Include="Resource.h">
      <Filter>헤더 파일</Filter>
    </ClInclude>
    <ClInclude Include="InfoManageDoc.h">
      <Filter>헤더 파일</Filter>
    </ClInclude>
    <ClInclude Include="InfoManageFrm.h">
      <Filter>헤더 파일</Filter>
    </ClInclude>
    <ClInclude Include="InfoManageView.h">
      <Filter>헤더 파일</Filter>
    </ClInclude>
    <ClInclude Include="TabBaseConf.h">
      <Filter>헤더 파일</Filter>
    </ClInclude>
    <ClInclude Include="MyDB.h">
      <Filter>헤더 파일</Filter>
    </ClInclude>
    <ClInclude Include="CheckFrm.h">
      <Filter>헤더 파일</Filter>
    </ClInclude>
    <ClInclude Include="CheckDoc.h">
      <Filter>헤더 파일</Filter>
    </ClInclude>
    <ClInclude Include="TabCheckRequestTable.h">
      <Filter>헤더 파일</Filter>
    </ClInclude>
    <ClInclude Include="TabCheckRequest.h">
      <Filter>헤더 파일</Filter>
    </ClInclude>
    <ClInclude Include="CheckView2.h">
      <Filter>헤더 파일</Filter>
    </ClInclude>
    <ClInclude Include="DBs_181127\dbdefine.h">
      <Filter>리소스 파일</Filter>
    </ClInclude>
    <ClInclude Include="DBs_181127\EquipMaintenanceDB.h">
      <Filter>리소스 파일</Filter>
    </ClInclude>
    <ClInclude Include="DBs_181127\FindChangeEquipHistory.h">
      <Filter>리소스 파일</Filter>
    </ClInclude>
    <ClInclude Include="DBs_181127\GetAllEnclosure.h">
      <Filter>리소스 파일</Filter>
    </ClInclude>
    <ClInclude Include="DBs_181127\GetAllEquipmentAndEnclosure.h">
      <Filter>리소스 파일</Filter>
    </ClInclude>
    <ClInclude Include="DBs_181127\GetRequestedEnclosureEquipID.h">
      <Filter>리소스 파일</Filter>
    </ClInclude>
    <ClInclude Include="DBs_181127\ManipulateEnclosure.h">
      <Filter>리소스 파일</Filter>
    </ClInclude>
    <ClInclude Include="TabEquipChkList.h">
      <Filter>헤더 파일</Filter>
    </ClInclude>
    <ClInclude Include="TabRegBase.h">
      <Filter>헤더 파일</Filter>
    </ClInclude>
    <ClInclude Include="MapDialog.h">
      <Filter>헤더 파일</Filter>
    </ClInclude>
    <ClInclude Include="explorer_map.h">
      <Filter>헤더 파일</Filter>
    </ClInclude>
    <ClInclude Include="DBs_181127\GetAllChangeEquipHistory.h">
      <Filter>리소스 파일</Filter>
    </ClInclude>
    <ClInclude Include="DBs_181127\GetAllBaseEquipment.h">
      <Filter>리소스 파일</Filter>
    </ClInclude>
    <ClInclude Include="EnclBaseResource.h">
      <Filter>함체장비관리</Filter>
    </ClInclude>
    <ClInclude Include="EnclBaseDialog.h">
      <Filter>함체장비관리</Filter>
    </ClInclude>
    <ClInclude Include="DBs_181127\DataManageDB.h">
      <Filter>리소스 파일</Filter>
    </ClInclude>
    <ClInclude Include="ChartViewer.h">
      <Filter>헤더 파일</Filter>
    </ClInclude>
    <ClInclude Include="ChartDlg.h">
      <Filter>헤더 파일</Filter>
    </ClInclude>
    <ClInclude Include="EquipStatusDoc.h">
      <Filter>헤더 파일</Filter>
    </ClInclude>
    <ClInclude Include="EquipStatusFrm.h">
      <Filter>헤더 파일</Filter>
    </ClInclude>
    <ClInclude Include="EquipStatusView.h">
      <Filter>헤더 파일</Filter>
    </ClInclude>
    <ClInclude Include="TabEquipStatus.h">
      <Filter>헤더 파일</Filter>
    </ClInclude>
    <ClInclude Include="TabErrorEquipStatus.h">
      <Filter>헤더 파일</Filter>
    </ClInclude>
    <ClInclude Include="TabSecurityLog.h">
      <Filter>헤더 파일</Filter>
    </ClInclude>
    <ClInclude Include="TabEventLog.h">
      <Filter>헤더 파일</Filter>
    </ClInclude>
    <ClInclude Include="BaseInfoDoc.h">
      <Filter>헤더 파일</Filter>
    </ClInclude>
    <ClInclude Include="BaseInfoFrm.h">
      <Filter>헤더 파일</Filter>
    </ClInclude>
    <ClInclude Include="BaseInfoView.h">
      <Filter>헤더 파일</Filter>
    </ClInclude>
    <ClInclude Include="LoadingDlg.h">
      <Filter>헤더 파일</Filter>
    </ClInclude>
    <ClInclude Include="UDPServer.h">
      <Filter>헤더 파일</Filter>
    </ClInclude>
  </ItemGroup>
  <ItemGroup>
    <ClCompile Include="TeamProject.cpp">
      <Filter>소스 파일</Filter>
    </ClCompile>
    <ClCompile Include="stdafx.cpp">
      <Filter>소스 파일</Filter>
    </ClCompile>
    <ClCompile Include="MainFrm.cpp">
      <Filter>소스 파일</Filter>
    </ClCompile>
    <ClCompile Include="ChildFrm.cpp">
      <Filter>소스 파일</Filter>
    </ClCompile>
    <ClCompile Include="TeamProjectDoc.cpp">
      <Filter>소스 파일</Filter>
    </ClCompile>
    <ClCompile Include="TeamProjectView.cpp">
      <Filter>소스 파일</Filter>
    </ClCompile>
    <ClCompile Include="TeamProjectSet.cpp">
      <Filter>소스 파일</Filter>
    </ClCompile>
    <ClCompile Include="InfoManageDoc.cpp">
      <Filter>소스 파일</Filter>
    </ClCompile>
    <ClCompile Include="InfoManageFrm.cpp">
      <Filter>소스 파일</Filter>
    </ClCompile>
    <ClCompile Include="InfoManageView.cpp">
      <Filter>소스 파일</Filter>
    </ClCompile>
    <ClCompile Include="TabBaseConf.cpp">
      <Filter>소스 파일</Filter>
    </ClCompile>
    <ClCompile Include="MyDB.cpp">
      <Filter>소스 파일</Filter>
    </ClCompile>
    <ClCompile Include="CheckFrm.cpp">
      <Filter>소스 파일</Filter>
    </ClCompile>
    <ClCompile Include="CheckDoc.cpp">
      <Filter>소스 파일</Filter>
    </ClCompile>
    <ClCompile Include="TabCheckRequestTable.cpp">
      <Filter>소스 파일</Filter>
    </ClCompile>
    <ClCompile Include="TabCheckRequest.cpp">
      <Filter>소스 파일</Filter>
    </ClCompile>
    <ClCompile Include="CheckView2.cpp">
      <Filter>헤더 파일</Filter>
    </ClCompile>
    <ClCompile Include="DBs_181127\dbdefine.cpp">
      <Filter>리소스 파일</Filter>
    </ClCompile>
    <ClCompile Include="DBs_181127\EquipMaintenanceDB.cpp">
      <Filter>리소스 파일</Filter>
    </ClCompile>
    <ClCompile Include="DBs_181127\FindChangeEquipHistory.cpp">
      <Filter>리소스 파일</Filter>
    </ClCompile>
    <ClCompile Include="DBs_181127\GetAllEnclosure.cpp">
      <Filter>리소스 파일</Filter>
    </ClCompile>
    <ClCompile Include="DBs_181127\GetAllEquipmentAndEnclosure.cpp">
      <Filter>리소스 파일</Filter>
    </ClCompile>
    <ClCompile Include="DBs_181127\GetRequestedEnclosureEquipID.cpp">
      <Filter>리소스 파일</Filter>
    </ClCompile>
    <ClCompile Include="DBs_181127\ManipulateEnclosure.cpp">
      <Filter>리소스 파일</Filter>
    </ClCompile>
    <ClCompile Include="TabEquipChkList.cpp">
      <Filter>소스 파일</Filter>
    </ClCompile>
    <ClCompile Include="TabRegBase.cpp">
      <Filter>소스 파일</Filter>
    </ClCompile>
    <ClCompile Include="MapDialog.cpp">
      <Filter>소스 파일</Filter>
    </ClCompile>
    <ClCompile Include="explorer_map.cpp">
      <Filter>소스 파일</Filter>
    </ClCompile>
    <ClCompile Include="DBs_181127\GetAllChangeEquipHistory.cpp">
      <Filter>리소스 파일</Filter>
    </ClCompile>
    <ClCompile Include="DBs_181127\GetAllBaseEquipment.cpp">
      <Filter>리소스 파일</Filter>
    </ClCompile>
    <ClCompile Include="EnclBaseDialog.cpp">
      <Filter>함체장비관리</Filter>
    </ClCompile>
    <ClCompile Include="DBs_181127\DataManageDB.cpp">
      <Filter>리소스 파일</Filter>
    </ClCompile>
    <ClCompile Include="ChartViewer.cpp">
      <Filter>소스 파일</Filter>
    </ClCompile>
    <ClCompile Include="ChartDlg.cpp">
      <Filter>소스 파일</Filter>
    </ClCompile>
    <ClCompile Include="EquipStatusDoc.cpp">
      <Filter>소스 파일</Filter>
    </ClCompile>
    <ClCompile Include="EquipStatusFrm.cpp">
      <Filter>소스 파일</Filter>
    </ClCompile>
    <ClCompile Include="EquipStatusView.cpp">
      <Filter>소스 파일</Filter>
    </ClCompile>
    <ClCompile Include="TabEquipStatus.cpp">
      <Filter>소스 파일</Filter>
    </ClCompile>
    <ClCompile Include="TabErrorEquipStatus.cpp">
      <Filter>소스 파일</Filter>
    </ClCompile>
    <ClCompile Include="TabSecurityLog.cpp">
      <Filter>소스 파일</Filter>
    </ClCompile>
    <ClCompile Include="TabEventLog.cpp">
      <Filter>소스 파일</Filter>
    </ClCompile>
    <ClCompile Include="BaseInfoDoc.cpp">
      <Filter>소스 파일</Filter>
    </ClCompile>
    <ClCompile Include="BaseInfoFrm.cpp">
      <Filter>소스 파일</Filter>
    </ClCompile>
    <ClCompile Include="BaseInfoView.cpp">
      <Filter>소스 파일</Filter>
    </ClCompile>
    <ClCompile Include="LoadingDlg.cpp">
      <Filter>소스 파일</Filter>
    </ClCompile>
    <ClCompile Include="UDPServer.cpp">
      <Filter>소스 파일</Filter>
    </ClCompile>
  </ItemGroup>
  <ItemGroup>
    <ResourceCompile Include="TeamProject.rc">
      <Filter>리소스 파일</Filter>
    </ResourceCompile>
    <ResourceCompile Include="EnclBaseResource.rc">
      <Filter>함체장비관리</Filter>
    </ResourceCompile>
  </ItemGroup>
  <ItemGroup>
    <Image Include="UserImages.bmp">
      <Filter>리소스 파일</Filter>
    </Image>
    <Image Include="res\TeamProjectDoc.ico">
      <Filter>리소스 파일</Filter>
    </Image>
    <Image Include="res\TeamProject.ico">
      <Filter>리소스 파일</Filter>
    </Image>
    <Image Include="res\Toolbar.bmp">
      <Filter>리소스 파일</Filter>
    </Image>
    <Image Include="res\Toolbar256.bmp">
      <Filter>리소스 파일</Filter>
    </Image>
    <Image Include="res\BaseInfoView.ico">
      <Filter>리소스 파일</Filter>
    </Image>
    <Image Include="..\..\Logo.bmp">
      <Filter>리소스 파일</Filter>
    </Image>
  </ItemGroup>
  <ItemGroup>
    <None Include="res\TeamProject.rc2">
      <Filter>리소스 파일</Filter>
    </None>
    <None Include="EnclBaseResource.aps">
      <Filter>함체장비관리</Filter>
    </None>
    <None Include="ClassDiagram.cd" />
  </ItemGroup>
</Project>